# THIS IS AN AUTOGENERATED FILE. DO NOT EDIT THIS FILE DIRECTLY.
# yarn lockfile v1


"@types/ejs@^2.6.3":
  version "2.6.3"
  resolved "https://registry.npm.taobao.org/@types/ejs/download/@types/ejs-2.6.3.tgz#b6509e9925d7eb5e95c8c73b6492e5baae7c1e6a"
  integrity sha1-tlCemSXX616VyMc7ZJLluq58Hmo=

"@types/events@*":
  version "3.0.0"
  resolved "https://registry.npm.taobao.org/@types/events/download/@types/events-3.0.0.tgz#2862f3f58a9a7f7c3e78d79f130dd4d71c25c2a7"
  integrity sha1-KGLz9Yqaf3w+eNefEw3U1xwlwqc=

"@types/glob@^7.1.1":
  version "7.1.1"
  resolved "https://registry.npm.taobao.org/@types/glob/download/@types/glob-7.1.1.tgz#aa59a1c6e3fbc421e07ccd31a944c30eba521575"
  integrity sha1-qlmhxuP7xCHgfM0xqUTDDrpSFXU=
  dependencies:
    "@types/events" "*"
    "@types/minimatch" "*"
    "@types/node" "*"

"@types/js-yaml@^3.12.1":
  version "3.12.1"
  resolved "https://registry.npm.taobao.org/@types/js-yaml/download/@types/js-yaml-3.12.1.tgz#5c6f4a1eabca84792fbd916f0cb40847f123c656"
  integrity sha1-XG9KHqvKhHkvvZFvDLQIR/EjxlY=

"@types/lodash@^4.14.126":
  version "4.14.126"
  resolved "https://registry.npm.taobao.org/@types/lodash/download/@types/lodash-4.14.126.tgz#47cff3ea014aa083194f8ca3ec351136c3786613"
  integrity sha1-R8/z6gFKoIMZT4yj7DURNsN4ZhM=

"@types/minimatch@*":
  version "3.0.3"
  resolved "https://registry.npm.taobao.org/@types/minimatch/download/@types/minimatch-3.0.3.tgz#3dca0e3f33b200fc7d1139c0cd96c1268cadfd9d"
  integrity sha1-PcoOPzOyAPx9ETnAzZbBJoyt/Z0=

"@types/mkdirp@^0.5.2":
  version "0.5.2"
  resolved "https://registry.npm.taobao.org/@types/mkdirp/download/@types/mkdirp-0.5.2.tgz#503aacfe5cc2703d5484326b1b27efa67a339c1f"
  integrity sha1-UDqs/lzCcD1UhDJrGyfvpnoznB8=
  dependencies:
    "@types/node" "*"

"@types/moment@^2.13.0":
  version "2.13.0"
  resolved "https://registry.npm.taobao.org/@types/moment/download/@types/moment-2.13.0.tgz#604ebd189bc3bc34a1548689404e61a2a4aac896"
  integrity sha1-YE69GJvDvDShVIaJQE5hoqSqyJY=
  dependencies:
    moment "*"

"@types/nedb@^1.8.7":
  version "1.8.7"
  resolved "https://registry.npm.taobao.org/@types/nedb/download/@types/nedb-1.8.7.tgz#3b5131e240671bdec8648ce1e925f2ab7c1647e7"
  integrity sha1-O1Ex4kBnG97IZIzh6SXyq3wWR+c=
  dependencies:
    "@types/node" "*"

"@types/node@*", "@types/node@^12.0.1":
  version "12.0.1"
  resolved "https://registry.npm.taobao.org/@types/node/download/@types/node-12.0.1.tgz#3dde31f8da274dfeb90e96abf55038fef46285f0"
  integrity sha1-Pd4x+NonTf65Dpar9VA4/vRihfA=

argparse@^1.0.7, argparse@~1.0.3:
  version "1.0.10"
  resolved "https://registry.npm.taobao.org/argparse/download/argparse-1.0.10.tgz#bcd6791ea5ae09725e17e5ad988134cd40b3d911"
  integrity sha1-vNZ5HqWuCXJeF+WtmIE0zUCz2RE=
  dependencies:
    sprintf-js "~1.0.2"

array-union@^1.0.1:
  version "1.0.2"
  resolved "https://registry.npm.taobao.org/array-union/download/array-union-1.0.2.tgz#9a34410e4f4e3da23dea375be5be70f24778ec39"
  integrity sha1-mjRBDk9OPaI96jdb5b5w8kd47Dk=
  dependencies:
    array-uniq "^1.0.1"

array-uniq@^1.0.1:
  version "1.0.3"
  resolved "https://registry.npm.taobao.org/array-uniq/download/array-uniq-1.0.3.tgz#af6ac877a25cc7f74e058894753858dfdb24fdb6"
  integrity sha1-r2rId6Jcx/dOBYiUdThY39sk/bY=

async@0.2.10:
  version "0.2.10"
  resolved "https://registry.npm.taobao.org/async/download/async-0.2.10.tgz#b6bbe0b0674b9d719708ca38de8c237cb526c3d1"
  integrity sha1-trvgsGdLnXGXCMo43owjfLUmw9E=

balanced-match@^1.0.0:
  version "1.0.0"
  resolved "https://registry.npm.taobao.org/balanced-match/download/balanced-match-1.0.0.tgz#89b4d199ab2bee49de164ea02b89ce462d71b767"
  integrity sha1-ibTRmasr7kneFk6gK4nORi1xt2c=

binary-search-tree@0.2.5:
  version "0.2.5"
  resolved "https://registry.npm.taobao.org/binary-search-tree/download/binary-search-tree-0.2.5.tgz#7dbb3b210fdca082450dad2334c304af39bdc784"
  integrity sha1-fbs7IQ/coIJFDa0jNMMErzm9x4Q=
  dependencies:
    underscore "~1.4.4"

brace-expansion@^1.1.7:
  version "1.1.11"
  resolved "https://registry.npm.taobao.org/brace-expansion/download/brace-expansion-1.1.11.tgz#3c7fcbf529d87226f3d2f52b966ff5271eb441dd"
  integrity sha1-PH/L9SnYcibz0vUrlm/1Jx60Qd0=
  dependencies:
    balanced-match "^1.0.0"
    concat-map "0.0.1"

charenc@~0.0.1:
  version "0.0.2"
  resolved "https://registry.npm.taobao.org/charenc/download/charenc-0.0.2.tgz#c0a1d2f3a7092e03774bfa83f14c0fc5790a8667"
  integrity sha1-wKHS86cJLgN3S/qD8UwPxXkKhmc=

clipboard-polyfill@^2.5.4:
  version "2.8.0"
  resolved "https://registry.npm.taobao.org/clipboard-polyfill/download/clipboard-polyfill-2.8.0.tgz#53dc3686371a81944d4d171239ac8af8bb679d17"
  integrity sha1-U9w2hjcagZRNTRcSOayK+LtnnRc=

commander@^2.19.0:
  version "2.20.0"
  resolved "https://registry.npm.taobao.org/commander/download/commander-2.20.0.tgz?cache=0&other_urls=https%3A%2F%2Fregistry.npm.taobao.org%2Fcommander%2Fdownload%2Fcommander-2.20.0.tgz#d58bb2b5c1ee8f87b0d340027e9e94e222c5a422"
  integrity sha1-1YuytcHuj4ew00ACfp6U4iLFpCI=

concat-map@0.0.1:
  version "0.0.1"
  resolved "https://registry.npm.taobao.org/concat-map/download/concat-map-0.0.1.tgz#d8a96bd77fd68df7793a73036a3ba0d5405d477b"
  integrity sha1-2Klr13/Wjfd5OnMDajug1UBdR3s=

copy-dir@^1.1.0:
  version "1.1.0"
  resolved "https://registry.npm.taobao.org/copy-dir/download/copy-dir-1.1.0.tgz#856f38609709b4f061a83254c3fb595b8bfb8974"
  integrity sha1-hW84YJcJtPBhqDJUw/tZW4v7iXQ=

crypt@~0.0.1:
  version "0.0.2"
  resolved "https://registry.npm.taobao.org/crypt/download/crypt-0.0.2.tgz#88d7ff7ec0dfb86f713dc87bbb42d044d3e6c41b"
  integrity sha1-iNf/fsDfuG9xPch7u0LQRNPmxBs=

del@^4.1.1:
  version "4.1.1"
  resolved "https://registry.npm.taobao.org/del/download/del-4.1.1.tgz#9e8f117222ea44a31ff3a156c049b99052a9f0b4"
  integrity sha1-no8RciLqRKMf86FWwEm5kFKp8LQ=
  dependencies:
    "@types/glob" "^7.1.1"
    globby "^6.1.0"
    is-path-cwd "^2.0.0"
    is-path-in-cwd "^2.0.0"
    p-map "^2.0.0"
    pify "^4.0.1"
    rimraf "^2.6.3"

ejs@^2.6.1:
  version "2.6.1"
  resolved "https://registry.npm.taobao.org/ejs/download/ejs-2.6.1.tgz#498ec0d495655abc6f23cd61868d926464071aa0"
  integrity sha1-SY7A1JVlWrxvI81hho2SZGQHGqA=

entities@~1.1.1:
  version "1.1.2"
  resolved "https://registry.npm.taobao.org/entities/download/entities-1.1.2.tgz?cache=0&other_urls=https%3A%2F%2Fregistry.npm.taobao.org%2Fentities%2Fdownload%2Fentities-1.1.2.tgz#bdfa735299664dfafd34529ed4f8522a275fea56"
  integrity sha1-vfpzUplmTfr9NFKe1PhSKidf6lY=

esprima@^4.0.0:
  version "4.0.1"
  resolved "https://registry.npm.taobao.org/esprima/download/esprima-4.0.1.tgz#13b04cdb3e6c5d19df91ab6987a8695619b0aa71"
  integrity sha1-E7BM2z5sXRnfkatph6hpVhmwqnE=

front-matter@^3.0.2:
  version "3.0.2"
  resolved "https://registry.npm.taobao.org/front-matter/download/front-matter-3.0.2.tgz#2401cd05fcf22bd0de48a104ffb4efb1ff5c8465"
  integrity sha1-JAHNBfzyK9DeSKEE/7Tvsf9chGU=
  dependencies:
    js-yaml "^3.13.1"

fs.realpath@^1.0.0:
  version "1.0.0"
  resolved "https://registry.npm.taobao.org/fs.realpath/download/fs.realpath-1.0.0.tgz#1504ad2523158caa40db4a2787cb01411994ea4f"
  integrity sha1-FQStJSMVjKpA20onh8sBQRmU6k8=

glob@^7.0.3, glob@^7.1.3:
  version "7.1.4"
  resolved "https://registry.npm.taobao.org/glob/download/glob-7.1.4.tgz#aa608a2f6c577ad357e1ae5a5c26d9a8d1969255"
  integrity sha1-qmCKL2xXetNX4a5aXCbZqNGWklU=
  dependencies:
    fs.realpath "^1.0.0"
    inflight "^1.0.4"
    inherits "2"
    minimatch "^3.0.4"
    once "^1.3.0"
    path-is-absolute "^1.0.0"

globby@^6.1.0:
  version "6.1.0"
  resolved "https://registry.npm.taobao.org/globby/download/globby-6.1.0.tgz#f5a6d70e8395e21c858fb0489d64df02424d506c"
  integrity sha1-9abXDoOV4hyFj7BInWTfAkJNUGw=
  dependencies:
    array-union "^1.0.1"
    glob "^7.0.3"
    object-assign "^4.0.1"
    pify "^2.0.0"
    pinkie-promise "^2.0.0"

highlight.js@^9.12.0:
  version "9.15.6"
  resolved "https://registry.npm.taobao.org/highlight.js/download/highlight.js-9.15.6.tgz#72d4d8d779ec066af9a17cb14360c3def0aa57c4"
  integrity sha1-ctTY13nsBmr5oXyxQ2DD3vCqV8Q=

immediate@~3.0.5:
  version "3.0.6"
  resolved "https://registry.npm.taobao.org/immediate/download/immediate-3.0.6.tgz#9db1dbd0faf8de6fbe0f5dd5e56bb606280de69b"
  integrity sha1-nbHb0Pr43m++D13V5Wu2BigN5ps=

inflight@^1.0.4:
  version "1.0.6"
  resolved "https://registry.npm.taobao.org/inflight/download/inflight-1.0.6.tgz#49bd6331d7d02d0c09bc910a1075ba8165b56df9"
  integrity sha1-Sb1jMdfQLQwJvJEKEHW6gWW1bfk=
  dependencies:
    once "^1.3.0"
    wrappy "1"

inherits@2:
  version "2.0.3"
  resolved "https://registry.npm.taobao.org/inherits/download/inherits-2.0.3.tgz#633c2c83e3da42a502f52466022480f4208261de"
  integrity sha1-Yzwsg+PaQqUC9SRmAiSA9CCCYd4=

is-buffer@~1.1.1:
  version "1.1.6"
  resolved "https://registry.npm.taobao.org/is-buffer/download/is-buffer-1.1.6.tgz#efaa2ea9daa0d7ab2ea13a97b2b8ad51fefbe8be"
  integrity sha1-76ouqdqg16suoTqXsritUf776L4=

is-path-cwd@^2.0.0:
  version "2.1.0"
  resolved "https://registry.npm.taobao.org/is-path-cwd/download/is-path-cwd-2.1.0.tgz#2e0c7e463ff5b7a0eb60852d851a6809347a124c"
  integrity sha1-Lgx+Rj/1t6DrYIUthRpoCTR6Ekw=

is-path-in-cwd@^2.0.0:
  version "2.1.0"
  resolved "https://registry.npm.taobao.org/is-path-in-cwd/download/is-path-in-cwd-2.1.0.tgz#bfe2dca26c69f397265a4009963602935a053acb"
  integrity sha1-v+Lcomxp85cmWkAJljYCk1oFOss=
  dependencies:
    is-path-inside "^2.1.0"

is-path-inside@^2.1.0:
  version "2.1.0"
  resolved "https://registry.npm.taobao.org/is-path-inside/download/is-path-inside-2.1.0.tgz#7c9810587d659a40d27bcdb4d5616eab059494b2"
  integrity sha1-fJgQWH1lmkDSe8201WFuqwWUlLI=
  dependencies:
    path-is-inside "^1.0.2"

js-yaml@^3.13.1:
  version "3.13.1"
  resolved "https://registry.npm.taobao.org/js-yaml/download/js-yaml-3.13.1.tgz#aff151b30bfdfa8e49e05da22e7415e9dfa37847"
  integrity sha1-r/FRswv9+o5J4F2iLnQV6d+jeEc=
  dependencies:
    argparse "^1.0.7"
    esprima "^4.0.0"

katex@^0.10.0:
  version "0.10.2"
  resolved "https://registry.npm.taobao.org/katex/download/katex-0.10.2.tgz#39973edbb65eda5b6f9e7f41648781e557dd4932"
  integrity sha1-OZc+27Ze2ltvnn9BZIeB5VfdSTI=
  dependencies:
    commander "^2.19.0"

lie@3.1.1:
  version "3.1.1"
  resolved "https://registry.npm.taobao.org/lie/download/lie-3.1.1.tgz#9a436b2cc7746ca59de7a41fa469b3efb76bd87e"
  integrity sha1-mkNrLMd0bKWd56QfpGmz77dr2H4=
  dependencies:
    immediate "~3.0.5"

linkify-it@^2.0.0:
  version "2.1.0"
  resolved "https://registry.npm.taobao.org/linkify-it/download/linkify-it-2.1.0.tgz#c4caf38a6cd7ac2212ef3c7d2bde30a91561f9db"
  integrity sha1-xMrzimzXrCIS7zx9K94wqRVh+ds=
  dependencies:
    uc.micro "^1.0.1"

linkify-it@~1.2.0:
  version "1.2.4"
  resolved "https://registry.npm.taobao.org/linkify-it/download/linkify-it-1.2.4.tgz#0773526c317c8fd13bd534ee1d180ff88abf881a"
  integrity sha1-B3NSbDF8j9E71TTuHRgP+Iq/iBo=
  dependencies:
    uc.micro "^1.0.1"

localforage@^1.3.0:
  version "1.7.3"
  resolved "https://registry.npm.taobao.org/localforage/download/localforage-1.7.3.tgz#0082b3ca9734679e1bd534995bdd3b24cf10f204"
  integrity sha1-AIKzypc0Z54b1TSZW907JM8Q8gQ=
  dependencies:
    lie "3.1.1"

lodash@^4.17.11:
  version "4.17.11"
  resolved "https://registry.npm.taobao.org/lodash/download/lodash-4.17.11.tgz?cache=0&other_urls=https%3A%2F%2Fregistry.npm.taobao.org%2Flodash%2Fdownload%2Flodash-4.17.11.tgz#b39ea6229ef607ecd89e2c8df12536891cac9b8d"
  integrity sha1-s56mIp72B+zYniyN8SU2iRysm40=

markdown-it-anchor@^5.0.2:
  version "5.0.2"
  resolved "https://registry.npm.taobao.org/markdown-it-anchor/download/markdown-it-anchor-5.0.2.tgz#cdd917a05b7bf92fb736a6dae3385c6d0d0fa552"
  integrity sha1-zdkXoFt7+S+3Nqba4zhcbQ0PpVI=

markdown-it-emoji@^1.4.0:
  version "1.4.0"
  resolved "https://registry.npm.taobao.org/markdown-it-emoji/download/markdown-it-emoji-1.4.0.tgz#9bee0e9a990a963ba96df6980c4fddb05dfb4dcc"
  integrity sha1-m+4OmpkKljupbfaYDE/dsF37Tcw=

markdown-it-footnote@^3.0.1:
  version "3.0.1"
  resolved "https://registry.npm.taobao.org/markdown-it-footnote/download/markdown-it-footnote-3.0.1.tgz#7f3730747cacc86e2fe0bf8a17a710f34791517a"
  integrity sha1-fzcwdHysyG4v4L+KF6cQ80eRUXo=

markdown-it-imsize@^2.0.1:
  version "2.0.1"
  resolved "https://registry.npm.taobao.org/markdown-it-imsize/download/markdown-it-imsize-2.0.1.tgz#cca0427905d05338a247cb9ca9d968c5cddd5170"
  integrity sha1-zKBCeQXQUziiR8ucqdloxc3dUXA=

markdown-it-katex-external@^1.0.0:
  version "1.0.0"
  resolved "https://registry.npm.taobao.org/markdown-it-katex-external/download/markdown-it-katex-external-1.0.0.tgz#78d1786d94df8650e0bea79ffbc0b1f03fd7c606"
  integrity sha1-eNF4bZTfhlDgvqef+8Cx8D/XxgY=

markdown-it-mathjax@^2.0.0:
  version "2.0.0"
  resolved "https://registry.npm.taobao.org/markdown-it-mathjax/download/markdown-it-mathjax-2.0.0.tgz#ae2b4f4c5c719a03f9e475c664f7b2685231d9e9"
  integrity sha1-ritPTFxxmgP55HXGZPeyaFIx2ek=

markdown-it-multimd-table@^3.1.3:
  version "3.1.3"
  resolved "https://registry.npm.taobao.org/markdown-it-multimd-table/download/markdown-it-multimd-table-3.1.3.tgz#97926be0df3b59676118464ce43d02d379ca34dc"
  integrity sha1-l5Jr4N87WWdhGEZM5D0C03nKNNw=
  dependencies:
    markdown-it "^5.0.3"

markdown-it-smartarrows@^1.0.1:
  version "1.0.1"
  resolved "https://registry.npm.taobao.org/markdown-it-smartarrows/download/markdown-it-smartarrows-1.0.1.tgz#b570e9c0ff9812e0db6ace19afa5ba12b64bb9a7"
  integrity sha1-tXDpwP+YEuDbas4Zr6W6ErZLuac=

markdown-it-sub@^1.0.0:
  version "1.0.0"
  resolved "https://registry.npm.taobao.org/markdown-it-sub/download/markdown-it-sub-1.0.0.tgz#375fd6026eae7ddcb012497f6411195ea1e3afe8"
  integrity sha1-N1/WAm6ufdywEkl/ZBEZXqHjr+g=

markdown-it-sup@^1.0.0:
  version "1.0.0"
  resolved "https://registry.npm.taobao.org/markdown-it-sup/download/markdown-it-sup-1.0.0.tgz#cb9c9ff91a5255ac08f3fd3d63286e15df0a1fc3"
  integrity sha1-y5yf+RpSVawI8/09YyhuFd8KH8M=

markdown-it-table-of-contents@^0.4.3:
  version "0.4.4"
  resolved "https://registry.npm.taobao.org/markdown-it-table-of-contents/download/markdown-it-table-of-contents-0.4.4.tgz#3dc7ce8b8fc17e5981c77cc398d1782319f37fbc"
  integrity sha1-PcfOi4/BflmBx3zDmNF4Ixnzf7w=

markdown-it-task-lists@^2.1.1:
  version "2.1.1"
  resolved "https://registry.npm.taobao.org/markdown-it-task-lists/download/markdown-it-task-lists-2.1.1.tgz#f68f4d2ac2bad5a2c373ba93081a1a6848417088"
  integrity sha1-9o9NKsK61aLDc7qTCBoaaEhBcIg=

markdown-it@^5.0.3:
  version "5.1.0"
  resolved "https://registry.npm.taobao.org/markdown-it/download/markdown-it-5.1.0.tgz#25286b8465bac496f3f1b77eed544643e9bd718d"
  integrity sha1-JShrhGW6xJbz8bd+7VRGQ+m9cY0=
  dependencies:
    argparse "~1.0.3"
    entities "~1.1.1"
    linkify-it "~1.2.0"
    mdurl "~1.0.1"
    uc.micro "^1.0.0"

markdown-it@^8.4.2:
  version "8.4.2"
  resolved "https://registry.npm.taobao.org/markdown-it/download/markdown-it-8.4.2.tgz#386f98998dc15a37722aa7722084f4020bdd9b54"
  integrity sha1-OG+YmY3BWjdyKqdyIIT0Agvdm1Q=
  dependencies:
    argparse "^1.0.7"
    entities "~1.1.1"
    linkify-it "^2.0.0"
    mdurl "^1.0.1"
    uc.micro "^1.0.5"

md5@^2.2.1:
  version "2.2.1"
  resolved "https://registry.npm.taobao.org/md5/download/md5-2.2.1.tgz#53ab38d5fe3c8891ba465329ea23fac0540126f9"
  integrity sha1-U6s41f48iJG6RlMp6iP6wFQBJvk=
  dependencies:
    charenc "~0.0.1"
    crypt "~0.0.1"
    is-buffer "~1.1.1"

mdurl@^1.0.1, mdurl@~1.0.1:
  version "1.0.1"
  resolved "https://registry.npm.taobao.org/mdurl/download/mdurl-1.0.1.tgz#fe85b2ec75a59037f2adfec100fd6c601761152e"
  integrity sha1-/oWy7HWlkDfyrf7BAP1sYBdhFS4=

minimatch@^3.0.4:
  version "3.0.4"
  resolved "https://registry.npm.taobao.org/minimatch/download/minimatch-3.0.4.tgz#5166e286457f03306064be5497e8dbb0c3d32083"
  integrity sha1-UWbihkV/AzBgZL5Ul+jbsMPTIIM=
  dependencies:
    brace-expansion "^1.1.7"

minimist@0.0.8:
  version "0.0.8"
  resolved "https://registry.npm.taobao.org/minimist/download/minimist-0.0.8.tgz?cache=0&other_urls=https%3A%2F%2Fregistry.npm.taobao.org%2Fminimist%2Fdownload%2Fminimist-0.0.8.tgz#857fcabfc3397d2625b8228262e86aa7a011b05d"
  integrity sha1-hX/Kv8M5fSYluCKCYuhqp6ARsF0=

mkdirp@^0.5.1, mkdirp@~0.5.1:
  version "0.5.1"
  resolved "https://registry.npm.taobao.org/mkdirp/download/mkdirp-0.5.1.tgz#30057438eac6cf7f8c4767f38648d6697d75c903"
  integrity sha1-MAV0OOrGz3+MR2fzhkjWaX11yQM=
  dependencies:
    minimist "0.0.8"

moment@*, moment@^2.24.0:
  version "2.24.0"
  resolved "https://registry.npm.taobao.org/moment/download/moment-2.24.0.tgz#0d055d53f5052aa653c9f6eb68bb5d12bf5c2b5b"
  integrity sha1-DQVdU/UFKqZTyfbraLtdEr9cK1s=

nedb@^1.8.0:
  version "1.8.0"
  resolved "https://registry.npm.taobao.org/nedb/download/nedb-1.8.0.tgz#0e3502cd82c004d5355a43c9e55577bd7bd91d88"
  integrity sha1-DjUCzYLABNU1WkPJ5VV3vXvZHYg=
  dependencies:
    async "0.2.10"
    binary-search-tree "0.2.5"
    localforage "^1.3.0"
    mkdirp "~0.5.1"
    underscore "~1.4.4"

object-assign@^4.0.1:
  version "4.1.1"
  resolved "https://registry.npm.taobao.org/object-assign/download/object-assign-4.1.1.tgz?cache=0&other_urls=https%3A%2F%2Fregistry.npm.taobao.org%2Fobject-assign%2Fdownload%2Fobject-assign-4.1.1.tgz#2109adc7965887cfc05cbbd442cac8bfbb360863"
  integrity sha1-IQmtx5ZYh8/AXLvUQsrIv7s2CGM=

once@^1.3.0:
  version "1.4.0"
  resolved "https://registry.npm.taobao.org/once/download/once-1.4.0.tgz#583b1aa775961d4b113ac17d9c50baef9dd76bd1"
  integrity sha1-WDsap3WWHUsROsF9nFC6753Xa9E=
  dependencies:
    wrappy "1"

p-map@^2.0.0:
  version "2.1.0"
  resolved "https://registry.npm.taobao.org/p-map/download/p-map-2.1.0.tgz#310928feef9c9ecc65b68b17693018a665cea175"
  integrity sha1-MQko/u+cnsxltosXaTAYpmXOoXU=

path-is-absolute@^1.0.0:
  version "1.0.1"
  resolved "https://registry.npm.taobao.org/path-is-absolute/download/path-is-absolute-1.0.1.tgz#174b9268735534ffbc7ace6bf53a5a9e1b5c5f5f"
  integrity sha1-F0uSaHNVNP+8es5r9TpanhtcX18=

path-is-inside@^1.0.2:
  version "1.0.2"
  resolved "https://registry.npm.taobao.org/path-is-inside/download/path-is-inside-1.0.2.tgz#365417dede44430d1c11af61027facf074bdfc53"
  integrity sha1-NlQX3t5EQw0cEa9hAn+s8HS9/FM=

pify@^2.0.0:
  version "2.3.0"
  resolved "https://registry.npm.taobao.org/pify/download/pify-2.3.0.tgz?cache=0&other_urls=https%3A%2F%2Fregistry.npm.taobao.org%2Fpify%2Fdownload%2Fpify-2.3.0.tgz#ed141a6ac043a849ea588498e7dca8b15330e90c"
  integrity sha1-7RQaasBDqEnqWISY59yosVMw6Qw=

pify@^4.0.1:
  version "4.0.1"
  resolved "https://registry.npm.taobao.org/pify/download/pify-4.0.1.tgz?cache=0&other_urls=https%3A%2F%2Fregistry.npm.taobao.org%2Fpify%2Fdownload%2Fpify-4.0.1.tgz#4b2cd25c50d598735c50292224fd8c6df41e3231"
  integrity sha1-SyzSXFDVmHNcUCkiJP2MbfQeMjE=

pinkie-promise@^2.0.0:
  version "2.0.1"
  resolved "https://registry.npm.taobao.org/pinkie-promise/download/pinkie-promise-2.0.1.tgz#2135d6dfa7a358c069ac9b178776288228450ffa"
  integrity sha1-ITXW36ejWMBprJsXh3YogihFD/o=
  dependencies:
    pinkie "^2.0.0"

pinkie@^2.0.0:
  version "2.0.4"
  resolved "https://registry.npm.taobao.org/pinkie/download/pinkie-2.0.4.tgz#72556b80cfa0d48a974e80e77248e80ed4f7f870"
  integrity sha1-clVrgM+g1IqXToDnckjoDtT3+HA=

prismjs@^1.15.0:
  version "1.27.0"
  resolved "https://registry.yarnpkg.com/prismjs/-/prismjs-1.27.0.tgz#bb6ee3138a0b438a3653dd4d6ce0cc6510a45057"
  integrity sha512-t13BGPUlFDR7wRB5kQDG4jjl7XeuH6jbJGt11JHPL96qwsEHNX2+68tFXqc1/k+/jALsbSWJKUOT/hcYAZ5LkA==

rimraf@^2.6.3:
  version "2.6.3"
  resolved "https://registry.npm.taobao.org/rimraf/download/rimraf-2.6.3.tgz#b2d104fe0d8fb27cf9e0a1cda8262dd3833c6cab"
  integrity sha1-stEE/g2Psnz54KHNqCYt04M8bKs=
  dependencies:
    glob "^7.1.3"

"rmarked@https://gitee.com/Moon-Online-Judge/Rmarkdown.git":
  version "2.0.0"
  resolved "https://gitee.com/Moon-Online-Judge/Rmarkdown.git#b3dc8cee279b9e468f590054ea0100035ffe7ffc"
  dependencies:
    clipboard-polyfill "^2.5.4"
    highlight.js "^9.12.0"
    katex "^0.10.0"
    markdown-it "^8.4.2"
    markdown-it-anchor "^5.0.2"
    markdown-it-emoji "^1.4.0"
    markdown-it-footnote "^3.0.1"
    markdown-it-imsize "^2.0.1"
    markdown-it-katex-external "^1.0.0"
    markdown-it-mathjax "^2.0.0"
    markdown-it-multimd-table "^3.1.3"
    markdown-it-smartarrows "^1.0.1"
    markdown-it-sub "^1.0.0"
    markdown-it-sup "^1.0.0"
    markdown-it-table-of-contents "^0.4.3"
    markdown-it-task-lists "^2.1.1"
    prismjs "^1.15.0"
    twemoji "^11.0.1"

sprintf-js@~1.0.2:
  version "1.0.3"
  resolved "https://registry.npm.taobao.org/sprintf-js/download/sprintf-js-1.0.3.tgz#04e6926f662895354f3dd015203633b857297e2c"
  integrity sha1-BOaSb2YolTVPPdAVIDYzuFcpfiw=

twemoji@^11.0.1:
  version "11.3.0"
  resolved "https://registry.npm.taobao.org/twemoji/download/twemoji-11.3.0.tgz#8c520094fe94849db10fd5687f50c936183c4fad"
  integrity sha1-jFIAlP6UhJ2xD9Vof1DJNhg8T60=

uc.micro@^1.0.0, uc.micro@^1.0.1, uc.micro@^1.0.5:
  version "1.0.6"
  resolved "https://registry.npm.taobao.org/uc.micro/download/uc.micro-1.0.6.tgz#9c411a802a409a91fc6cf74081baba34b24499ac"
  integrity sha1-nEEagCpAmpH8bPdAgbq6NLJEmaw=

underscore@~1.4.4:
  version "1.4.4"
  resolved "https://registry.npm.taobao.org/underscore/download/underscore-1.4.4.tgz#61a6a32010622afa07963bf325203cf12239d604"
  integrity sha1-YaajIBBiKvoHljvzJSA88SI51gQ=

wrappy@1:
  version "1.0.2"
  resolved "https://registry.npm.taobao.org/wrappy/download/wrappy-1.0.2.tgz#b5243d8f3ec1aa35f1364605bc0d1036e30ab69f"
  integrity sha1-tSQ9jz7BqjXxNkYFvA0QNuMKtp8=
